%{"base58": {:git, "https://github.com/titan098/erl-base58.git", "c5319e77a8edf8c13a3522928384a65511d26a88", []},
  "base58check": {:git, "https://github.com/quanterall/base58check.git", "358b2db8d9ebb578b4cdd0794da029a69e27ff5c", []},
  "base64url": {:hex, :base64url, "0.0.1", "36a90125f5948e3afd7be97662a1504b934dd5dac78451ca6e9abf85a10286be", [], [], "hexpm"},
  "certifi": {:hex, :certifi, "2.0.0", "a0c0e475107135f76b8c1d5bc7efb33cd3815cb3cf3dea7aefdd174dabead064", [], [], "hexpm"},
  "cryptex": {:hex, :cryptex, "0.0.1", "efe321bb4537916aed78c25336ca7da5617e4595df7d03ac537b7f2f08856401", [], [], "hexpm"},
  "ecc": {:hex, :ecc, "0.1.3", "a5ff8214a90a3ff52c3c04db411d07704c24704e1879d3eb8f2c9fc5d1c81cba", [], [], "hexpm"},
  "erl_base58": {:git, "https://github.com/titan098/erl-base58.git", "c5319e77a8edf8c13a3522928384a65511d26a88", []},
  "erlbase58": {:git, "https://github.com/titan098/erl-base58.git", "c5319e77a8edf8c13a3522928384a65511d26a88", []},
  "hackney": {:hex, :hackney, "1.10.1", "c38d0ca52ea80254936a32c45bb7eb414e7a96a521b4ce76d00a69753b157f21", [], [{:certifi, "2.0.0", [hex: :certifi, repo: "hexpm", optional: false]}, {:idna, "5.1.0", [hex: :idna, repo: "hexpm", optional: false]}, {:metrics, "1.0.1", [hex: :metrics, repo: "hexpm", optional: false]}, {:mimerl, "1.0.2", [hex: :mimerl, repo: "hexpm", optional: false]}, {:ssl_verify_fun, "1.1.1", [hex: :ssl_verify_fun, repo: "hexpm", optional: false]}], "hexpm"},
  "httpoison": {:hex, :httpoison, "0.13.0", "bfaf44d9f133a6599886720f3937a7699466d23bb0cd7a88b6ba011f53c6f562", [], [{:hackney, "~> 1.8", [hex: :hackney, repo: "hexpm", optional: false]}], "hexpm"},
  "idna": {:hex, :idna, "5.1.0", "d72b4effeb324ad5da3cab1767cb16b17939004e789d8c0ad5b70f3cea20c89a", [], [{:unicode_util_compat, "0.3.1", [hex: :unicode_util_compat, repo: "hexpm", optional: false]}], "hexpm"},
  "jose": {:hex, :jose, "1.8.4", "7946d1e5c03a76ac9ef42a6e6a20001d35987afd68c2107bcd8f01a84e75aa73", [], [{:base64url, "~> 0.0.1", [hex: :base64url, repo: "hexpm", optional: false]}], "hexpm"},
  "keccakf1600": {:hex, :keccakf1600, "2.0.0", "69d02d844a101bf3c75484c9e334fd04b0f57280727e881cac3bd8240432f43a", [], [], "hexpm"},
  "metrics": {:hex, :metrics, "1.0.1", "25f094dea2cda98213cecc3aeff09e940299d950904393b2a29d191c346a8486", [], [], "hexpm"},
  "mimerl": {:hex, :mimerl, "1.0.2", "993f9b0e084083405ed8252b99460c4f0563e41729ab42d9074fd5e52439be88", [], [], "hexpm"},
  "ojson": {:hex, :ojson, "1.0.0", "fd28614eadaec00a15cdb2f53f29d8717a812a508ddb80d202f2f2e2aaeabbcc", [], [], "hexpm"},
  "pbkdf2_elixir": {:hex, :pbkdf2_elixir, "0.12.3", "6706a148809a29c306062862c803406e88f048277f6e85b68faf73291e820b84", [], [], "hexpm"},
  "poison": {:hex, :poison, "3.1.0", "d9eb636610e096f86f25d9a46f35a9facac35609a7591b3be3326e99a0484665", [], [], "hexpm"},
  "seed_generator": {:git, "https://github.com/quanterall/seed_generator.git", "7ff85bd121f5069d6c0ab15eefcf2b30a0eb8419", []},
  "ssl_verify_fun": {:hex, :ssl_verify_fun, "1.1.1", "28a4d65b7f59893bc2c7de786dec1e1555bd742d336043fe644ae956c3497fbe", [], [], "hexpm"},
  "unicode_util_compat": {:hex, :unicode_util_compat, "0.3.1", "a1f612a7b512638634a603c8f401892afbf99b8ce93a45041f8aaca99cadb85e", [], [], "hexpm"}}
